
Microsoft Visual Studio Solution File, Format Version 12.00
# Visual Studio Version 17
VisualStudioVersion = 17.9.34902.65
MinimumVisualStudioVersion = 10.0.40219.1
Project("{FAE04EC0-301F-11D3-BF4B-00C04F79EFBC}") = "Appointment.App", "Appointment.App\Appointment.App.csproj", "{FE196CF6-E796-4409-B271-6AEC7EF59E7A}"
EndProject
Project("{FAE04EC0-301F-11D3-BF4B-00C04F79EFBC}") = "Appointment.App.Infrastructure", "Appointment.App.Infrastructure\Appointment.App.Infrastructure.csproj", "{A5F84016-0FBB-46D4-8642-621A601C158A}"
EndProject
Project("{FAE04EC0-301F-11D3-BF4B-00C04F79EFBC}") = "Appointment.App.Web", "Appointment.App.Web\Appointment.App.Web.csproj", "{17C6324C-C2EA-42EE-8225-71AA54C10F21}"
EndProject
Global
	GlobalSection(SolutionConfigurationPlatforms) = preSolution
		Debug|Any CPU = Debug|Any CPU
		Release|Any CPU = Release|Any CPU
	EndGlobalSection
	GlobalSection(ProjectConfigurationPlatforms) = postSolution
		{FE196CF6-E796-4409-B271-6AEC7EF59E7A}.Debug|Any CPU.ActiveCfg = Debug|Any CPU
		{FE196CF6-E796-4409-B271-6AEC7EF59E7A}.Debug|Any CPU.Build.0 = Debug|Any CPU
		{FE196CF6-E796-4409-B271-6AEC7EF59E7A}.Release|Any CPU.ActiveCfg = Release|Any CPU
		{FE196CF6-E796-4409-B271-6AEC7EF59E7A}.Release|Any CPU.Build.0 = Release|Any CPU
		{A5F84016-0FBB-46D4-8642-621A601C158A}.Debug|Any CPU.ActiveCfg = Debug|Any CPU
		{A5F84016-0FBB-46D4-8642-621A601C158A}.Debug|Any CPU.Build.0 = Debug|Any CPU
		{A5F84016-0FBB-46D4-8642-621A601C158A}.Release|Any CPU.ActiveCfg = Release|Any CPU
		{A5F84016-0FBB-46D4-8642-621A601C158A}.Release|Any CPU.Build.0 = Release|Any CPU
		{17C6324C-C2EA-42EE-8225-71AA54C10F21}.Debug|Any CPU.ActiveCfg = Debug|Any CPU
		{17C6324C-C2EA-42EE-8225-71AA54C10F21}.Debug|Any CPU.Build.0 = Debug|Any CPU
		{17C6324C-C2EA-42EE-8225-71AA54C10F21}.Release|Any CPU.ActiveCfg = Release|Any CPU
		{17C6324C-C2EA-42EE-8225-71AA54C10F21}.Release|Any CPU.Build.0 = Release|Any CPU
	EndGlobalSection
	GlobalSection(SolutionProperties) = preSolution
		HideSolutionNode = FALSE
	EndGlobalSection
	GlobalSection(ExtensibilityGlobals) = postSolution
		SolutionGuid = {FBA4A234-2D91-4B06-9405-B6B1DC6201EF}
	EndGlobalSection
EndGlobal
